{
  "projects": [
    {
      "projectId": "95xp9cYcv7HrNWpFWWhbcv",
      "version": "2.2.1",
      "dependencies": {},
      "lang": "ts",
      "fileLocks": [
        {
          "assetId": "95xp9cYcv7HrNWpFWWhbcv",
          "type": "projectCss",
          "checksum": "3bd5e88984ab00759caf5f883f577066"
        },
        {
          "type": "image",
          "assetId": "pAcQ-9j-MkaY",
          "checksum": "c263e67c06cb18ec9feeae243a6f8fa0"
        }
      ],
      "codegenVersion": "0.0.1"
    },
    {
      "projectId": "szjgMQpPpxhmkjnaBvZQJG",
      "version": "2.16.0",
      "dependencies": {},
      "lang": "ts",
      "fileLocks": [
        {
          "assetId": "szjgMQpPpxhmkjnaBvZQJG",
          "type": "projectCss",
          "checksum": "29b90e78e5c36e5dc978e0c572d9fc75"
        }
      ],
      "codegenVersion": "0.0.1"
    },
    {
      "projectId": "58GpZjZCWTaJ8AUhpCwt2K",
      "version": "3.16.0",
      "dependencies": {},
      "lang": "ts",
      "fileLocks": [
        {
          "assetId": "58GpZjZCWTaJ8AUhpCwt2K",
          "type": "projectCss",
          "checksum": "fd84921cc10936e6ceb458c2ae01c4bd"
        }
      ],
      "codegenVersion": "0.0.1"
    },
    {
      "projectId": "84wxoth5npGrp6RRXPL88z",
      "version": "4.16.0",
      "dependencies": {},
      "lang": "ts",
      "fileLocks": [
        {
          "assetId": "84wxoth5npGrp6RRXPL88z",
          "type": "projectCss",
          "checksum": "d951314833b1846f4b7c384128792976"
        },
        {
          "assetId": "84wxoth5npGrp6RRXPL88z",
          "checksum": "9e5d7715fa73643035101a564f263924",
          "type": "globalContexts"
        }
      ],
      "codegenVersion": "0.0.1"
    },
    {
      "projectId": "r6wqTHP8pUBDqvkAaarh3E",
      "version": "0.0.1",
      "dependencies": {
        "95xp9cYcv7HrNWpFWWhbcv": "2.2.1"
      },
      "lang": "ts",
      "fileLocks": [
        {
          "assetId": "r6wqTHP8pUBDqvkAaarh3E",
          "type": "projectCss",
          "checksum": "2823d277b4ca5d9ee53fa464190f5564"
        },
        {
          "type": "image",
          "assetId": "bSXI1Z8uktJBvH",
          "checksum": "dd6dc0328be5561986cefb34e26fa55e"
        }
      ],
      "codegenVersion": "0.0.1"
    },
    {
      "projectId": "fZQjHDXfvRHecPEKdBKMAp",
      "version": "latest",
      "dependencies": {
        "r6wqTHP8pUBDqvkAaarh3E": "0.0.1",
        "84wxoth5npGrp6RRXPL88z": "4.16.0",
        "58GpZjZCWTaJ8AUhpCwt2K": "3.16.0",
        "szjgMQpPpxhmkjnaBvZQJG": "2.16.0"
      },
      "lang": "ts",
      "fileLocks": [
        {
          "type": "globalVariant",
          "assetId": "QNf1u4_FrLxdI",
          "checksum": "d88d73d1876c6ce20f6923d9d8070967"
        },
        {
          "assetId": "fZQjHDXfvRHecPEKdBKMAp",
          "type": "projectCss",
          "checksum": "7d8974efa28e23ba1a3df8b8339adb85"
        },
        {
          "assetId": "fZQjHDXfvRHecPEKdBKMAp",
          "checksum": "6da8287f8da5a0b2e5d2707fc3861f6c",
          "type": "globalContexts"
        },
        {
          "type": "renderModule",
          "assetId": "ZgOSo1iJt2Xs",
          "checksum": "9b8fef839b70474b6cf3aa39b105ae9e"
        },
        {
          "type": "cssRules",
          "assetId": "ZgOSo1iJt2Xs",
          "checksum": "9b8fef839b70474b6cf3aa39b105ae9e"
        },
        {
          "type": "renderModule",
          "assetId": "1Lxx3fZBCA",
          "checksum": "73e82c73959a9cf7cbbc64be22d14d2d"
        },
        {
          "type": "cssRules",
          "assetId": "1Lxx3fZBCA",
          "checksum": "73e82c73959a9cf7cbbc64be22d14d2d"
        }
      ],
      "codegenVersion": "0.0.1"
    }
  ],
  "cliVersion": "0.1.286"
}
